{
  "nodes": {
    "acp-el-source": {
      "flake": false,
      "locked": {
        "lastModified": 1779917551,
        "narHash": "sha256-hN5c1kOKBPq+rbuh0ILxq8oRVDgZLxQqQmeDj5PUKzE=",
        "owner": "xenodium",
        "repo": "acp.el",
        "rev": "3ddfa907eb7f17949a4a8e731ea5c5241e6cbcb4",
        "type": "github"
      },
      "original": {
        "owner": "xenodium",
        "repo": "acp.el",
        "type": "github"
      }
    },
    "agent-shell-source": {
      "flake": false,
      "locked": {
        "lastModified": 1782667659,
        "narHash": "sha256-OAve4vj8TbFhBnmWVeTt6bKhPTal88ZUcW7yf0ZBuUI=",
        "owner": "xenodium",
        "repo": "agent-shell",
        "rev": "4f7055084c296f67643f633167dbb2abaa0ce10a",
        "type": "github"
      },
      "original": {
        "owner": "xenodium",
        "repo": "agent-shell",
        "type": "github"
      }
    },
    "nixpkgs": {
      "locked": {
        "lastModified": 1782545840,
        "narHash": "sha256-PkBPmP5ofNtunCU7/tfn6wi9OLlzFGcHAqqmY+/mwUI=",
        "owner": "nixos",
        "repo": "nixpkgs",
        "rev": "3d46470bb3030020f7e1361f33514854f5bfa86d",
        "type": "github"
      },
      "original": {
        "owner": "nixos",
        "ref": "nixpkgs-unstable",
        "repo": "nixpkgs",
        "type": "github"
      }
    },
    "root": {
      "inputs": {
        "acp-el-source": "acp-el-source",
        "agent-shell-source": "agent-shell-source",
        "nixpkgs": "nixpkgs",
        "shell-maker-source": "shell-maker-source"
      }
    },
    "shell-maker-source": {
      "flake": false,
      "locked": {
        "lastModified": 1782667593,
        "narHash": "sha256-Y6ZIKG9yJ03R063a9g5FRNAZowSSv1W7RXk7sTxuGHI=",
        "owner": "xenodium",
        "repo": "shell-maker",
        "rev": "83f3712d3d7c54f81ee73cc88abaff46410489db",
        "type": "github"
      },
      "original": {
        "owner": "xenodium",
        "repo": "shell-maker",
        "type": "github"
      }
    }
  },
  "root": "root",
  "version": 7
}
