{
  "nodes": {
    "acp-el-source": {
      "flake": false,
      "locked": {
        "lastModified": 1779917551,
        "narHash": "sha256-hN5c1kOKBPq+rbuh0ILxq8oRVDgZLxQqQmeDj5PUKzE=",
        "owner": "xenodium",
        "repo": "acp.el",
        "rev": "3ddfa907eb7f17949a4a8e731ea5c5241e6cbcb4",
        "type": "github"
      },
      "original": {
        "owner": "xenodium",
        "repo": "acp.el",
        "type": "github"
      }
    },
    "agent-shell-source": {
      "flake": false,
      "locked": {
        "lastModified": 1781082305,
        "narHash": "sha256-u1N6bXXzm8vkTqxpNHo0DJ0qe61BSmfaFyZyij+PAAU=",
        "owner": "xenodium",
        "repo": "agent-shell",
        "rev": "0b32cadc56b5bb16fb623eb41c0ae9e74fdf287d",
        "type": "github"
      },
      "original": {
        "owner": "xenodium",
        "repo": "agent-shell",
        "type": "github"
      }
    },
    "nixpkgs": {
      "locked": {
        "lastModified": 1780930886,
        "narHash": "sha256-rppURzHviaQN131F+nLiLdGfcb0uCd9gGP0E5+iw9MI=",
        "owner": "nixos",
        "repo": "nixpkgs",
        "rev": "8c3cede7ddc26bd659d2d383b5610efbd2c7a16e",
        "type": "github"
      },
      "original": {
        "owner": "nixos",
        "ref": "nixpkgs-unstable",
        "repo": "nixpkgs",
        "type": "github"
      }
    },
    "root": {
      "inputs": {
        "acp-el-source": "acp-el-source",
        "agent-shell-source": "agent-shell-source",
        "nixpkgs": "nixpkgs",
        "shell-maker-source": "shell-maker-source"
      }
    },
    "shell-maker-source": {
      "flake": false,
      "locked": {
        "lastModified": 1781029418,
        "narHash": "sha256-nJNZBZKmzEVn5gNEL0DT4S09Hfd8hk6DLaZTtoRksS0=",
        "owner": "xenodium",
        "repo": "shell-maker",
        "rev": "43ee9e1862994cbaa89715d324edb7a424181f22",
        "type": "github"
      },
      "original": {
        "owner": "xenodium",
        "repo": "shell-maker",
        "type": "github"
      }
    }
  },
  "root": "root",
  "version": 7
}
